// !$*UTF8*$!
{
	archiveVersion = 1;
	classes = {
	};
	objectVersion = 55;
	objects = {

/* Begin PBXBuildFile section */
		EB385F062898005E0031F012 /* QuizGameApp.swift in Sources */ = {isa = PBXBuildFile; fileRef = EB385F052898005E0031F012 /* QuizGameApp.swift */; };
		EB385F082898005E0031F012 /* ContentView.swift in Sources */ = {isa = PBXBuildFile; fileRef = EB385F072898005E0031F012 /* ContentView.swift */; };
		EB385F0A2898005F0031F012 /* Assets.xcassets in Resources */ = {isa = PBXBuildFile; fileRef = EB385F092898005F0031F012 /* Assets.xcassets */; };
		EB385F0D2898005F0031F012 /* Preview Assets.xcassets in Resources */ = {isa = PBXBuildFile; fileRef = EB385F0C2898005F0031F012 /* Preview Assets.xcassets */; };
		EB385F15289800A00031F012 /* AnswerRow.swift in Sources */ = {isa = PBXBuildFile; fileRef = EB385F14289800A00031F012 /* AnswerRow.swift */; };
		EB385F17289800D40031F012 /* PrimaryButton.swift in Sources */ = {isa = PBXBuildFile; fileRef = EB385F16289800D40031F012 /* PrimaryButton.swift */; };
		EB385F19289800F50031F012 /* ProgressBar.swift in Sources */ = {isa = PBXBuildFile; fileRef = EB385F18289800F50031F012 /* ProgressBar.swift */; };
		EB385F1B289801630031F012 /* Extensions.swift in Sources */ = {isa = PBXBuildFile; fileRef = EB385F1A289801630031F012 /* Extensions.swift */; };
		EB385F1E289801910031F012 /* Answer.swift in Sources */ = {isa = PBXBuildFile; fileRef = EB385F1D289801910031F012 /* Answer.swift */; };
		EB385F20289801B50031F012 /* Quiz.swift in Sources */ = {isa = PBXBuildFile; fileRef = EB385F1F289801B50031F012 /* Quiz.swift */; };
		EB385F22289801DA0031F012 /* QuizManager.swift in Sources */ = {isa = PBXBuildFile; fileRef = EB385F21289801DA0031F012 /* QuizManager.swift */; };
		EB385F252898023C0031F012 /* QuestionView.swift in Sources */ = {isa = PBXBuildFile; fileRef = EB385F242898023C0031F012 /* QuestionView.swift */; };
		EB385F27289802610031F012 /* QuizView.swift in Sources */ = {isa = PBXBuildFile; fileRef = EB385F26289802610031F012 /* QuizView.swift */; };
/* End PBXBuildFile section */

/* Begin PBXFileReference section */
		EB385F022898005E0031F012 /* QuizGame.app */ = {isa = PBXFileReference; explicitFileType = wrapper.application; includeInIndex = 0; path = QuizGame.app; sourceTree = BUILT_PRODUCTS_DIR; };
		EB385F052898005E0031F012 /* QuizGameApp.swift */ = {isa = PBXFileReference; lastKnownFileType = sourcecode.swift; path = QuizGameApp.swift; sourceTree = "<group>"; };
		EB385F072898005E0031F012 /* ContentView.swift */ = {isa = PBXFileReference; lastKnownFileType = sourcecode.swift; path = ContentView.swift; sourceTree = "<group>"; };
		EB385F092898005F0031F012 /* Assets.xcassets */ = {isa = PBXFileReference; lastKnownFileType = folder.assetcatalog; path = Assets.xcassets; sourceTree = "<group>"; };
		EB385F0C2898005F0031F012 /* Preview Assets.xcassets */ = {isa = PBXFileReference; lastKnownFileType = folder.assetcatalog; path = "Preview Assets.xcassets"; sourceTree = "<group>"; };
		EB385F14289800A00031F012 /* AnswerRow.swift */ = {isa = PBXFileReference; lastKnownFileType = sourcecode.swift; path = AnswerRow.swift; sourceTree = "<group>"; };
		EB385F16289800D40031F012 /* PrimaryButton.swift */ = {isa = PBXFileReference; lastKnownFileType = sourcecode.swift; path = PrimaryButton.swift; sourceTree = "<group>"; };
		EB385F18289800F50031F012 /* ProgressBar.swift */ = {isa = PBXFileReference; lastKnownFileType = sourcecode.swift; path = ProgressBar.swift; sourceTree = "<group>"; };
		EB385F1A289801630031F012 /* Extensions.swift */ = {isa = PBXFileReference; lastKnownFileType = sourcecode.swift; path = Extensions.swift; sourceTree = "<group>"; };
		EB385F1D289801910031F012 /* Answer.swift */ = {isa = PBXFileReference; lastKnownFileType = sourcecode.swift; path = Answer.swift; sourceTree = "<group>"; };
		EB385F1F289801B50031F012 /* Quiz.swift */ = {isa = PBXFileReference; lastKnownFileType = sourcecode.swift; path = Quiz.swift; sourceTree = "<group>"; };
		EB385F21289801DA0031F012 /* QuizManager.swift */ = {isa = PBXFileReference; lastKnownFileType = sourcecode.swift; path = QuizManager.swift; sourceTree = "<group>"; };
		EB385F242898023C0031F012 /* QuestionView.swift */ = {isa = PBXFileReference; lastKnownFileType = sourcecode.swift; path = QuestionView.swift; sourceTree = "<group>"; };
		EB385F26289802610031F012 /* QuizView.swift */ = {isa = PBXFileReference; lastKnownFileType = sourcecode.swift; path = QuizView.swift; sourceTree = "<group>"; };
/* End PBXFileReference section */

/* Begin PBXFrameworksBuildPhase section */
		EB385EFF2898005E0031F012 /* Frameworks */ = {
			isa = PBXFrameworksBuildPhase;
			buildActionMask = 2147483647;
			files = (
			);
			runOnlyForDeploymentPostprocessing = 0;
		};
/* End PBXFrameworksBuildPhase section */

/* Begin PBXGroup section */
		EB385EF92898005E0031F012 = {
			isa = PBXGroup;
			children = (
				EB385F042898005E0031F012 /* QuizGame */,
				EB385F032898005E0031F012 /* Products */,
			);
			sourceTree = "<group>";
		};
		EB385F032898005E0031F012 /* Products */ = {
			isa = PBXGroup;
			children = (
				EB385F022898005E0031F012 /* QuizGame.app */,
			);
			name = Products;
			sourceTree = "<group>";
		};
		EB385F042898005E0031F012 /* QuizGame */ = {
			isa = PBXGroup;
			children = (
				EB385F23289802090031F012 /* Views */,
				EB385F1C2898017A0031F012 /* Models */,
				EB385F132898007F0031F012 /* Components */,
				EB385F052898005E0031F012 /* QuizGameApp.swift */,
				EB385F092898005F0031F012 /* Assets.xcassets */,
				EB385F0B2898005F0031F012 /* Preview Content */,
				EB385F21289801DA0031F012 /* QuizManager.swift */,
			);
			path = QuizGame;
			sourceTree = "<group>";
		};
		EB385F0B2898005F0031F012 /* Preview Content */ = {
			isa = PBXGroup;
			children = (
				EB385F0C2898005F0031F012 /* Preview Assets.xcassets */,
			);
			path = "Preview Content";
			sourceTree = "<group>";
		};
		EB385F132898007F0031F012 /* Components */ = {
			isa = PBXGroup;
			children = (
				EB385F14289800A00031F012 /* AnswerRow.swift */,
				EB385F16289800D40031F012 /* PrimaryButton.swift */,
				EB385F18289800F50031F012 /* ProgressBar.swift */,
				EB385F1A289801630031F012 /* Extensions.swift */,
			);
			path = Components;
			sourceTree = "<group>";
		};
		EB385F1C2898017A0031F012 /* Models */ = {
			isa = PBXGroup;
			children = (
				EB385F1D289801910031F012 /* Answer.swift */,
				EB385F1F289801B50031F012 /* Quiz.swift */,
			);
			path = Models;
			sourceTree = "<group>";
		};
		EB385F23289802090031F012 /* Views */ = {
			isa = PBXGroup;
			children = (
				EB385F072898005E0031F012 /* ContentView.swift */,
				EB385F242898023C0031F012 /* QuestionView.swift */,
				EB385F26289802610031F012 /* QuizView.swift */,
			);
			path = Views;
			sourceTree = "<group>";
		};
/* End PBXGroup section */

/* Begin PBXNativeTarget section */
		EB385F012898005E0031F012 /* QuizGame */ = {
			isa = PBXNativeTarget;
			buildConfigurationList = EB385F102898005F0031F012 /* Build configuration list for PBXNativeTarget "QuizGame" */;
			buildPhases = (
				EB385EFE2898005E0031F012 /* Sources */,
				EB385EFF2898005E0031F012 /* Frameworks */,
				EB385F002898005E0031F012 /* Resources */,
			);
			buildRules = (
			);
			dependencies = (
			);
			name = QuizGame;
			productName = QuizGame;
			productReference = EB385F022898005E0031F012 /* QuizGame.app */;
			productType = "com.apple.product-type.application";
		};
/* End PBXNativeTarget section */

/* Begin PBXProject section */
		EB385EFA2898005E0031F012 /* Project object */ = {
			isa = PBXProject;
			attributes = {
				BuildIndependentTargetsInParallel = 1;
				LastSwiftUpdateCheck = 1340;
				LastUpgradeCheck = 1340;
				TargetAttributes = {
					EB385F012898005E0031F012 = {
						CreatedOnToolsVersion = 13.4;
					};
				};
			};
			buildConfigurationList = EB385EFD2898005E0031F012 /* Build configuration list for PBXProject "QuizGame" */;
			compatibilityVersion = "Xcode 13.0";
			developmentRegion = en;
			hasScannedForEncodings = 0;
			knownRegions = (
				en,
				Base,
			);
			mainGroup = EB385EF92898005E0031F012;
			productRefGroup = EB385F032898005E0031F012 /* Products */;
			projectDirPath = "";
			projectRoot = "";
			targets = (
				EB385F012898005E0031F012 /* QuizGame */,
			);
		};
/* End PBXProject section */

/* Begin PBXResourcesBuildPhase section */
		EB385F002898005E0031F012 /* Resources */ = {
			isa = PBXResourcesBuildPhase;
			buildActionMask = 2147483647;
			files = (
				EB385F0D2898005F0031F012 /* Preview Assets.xcassets in Resources */,
				EB385F0A2898005F0031F012 /* Assets.xcassets in Resources */,
			);
			runOnlyForDeploymentPostprocessing = 0;
		};
/* End PBXResourcesBuildPhase section */

/* Begin PBXSourcesBuildPhase section */
		EB385EFE2898005E0031F012 /* Sources */ = {
			isa = PBXSourcesBuildPhase;
			buildActionMask = 2147483647;
			files = (
				EB385F252898023C0031F012 /* QuestionView.swift in Sources */,
				EB385F082898005E0031F012 /* ContentView.swift in Sources */,
				EB385F27289802610031F012 /* QuizView.swift in Sources */,
				EB385F1B289801630031F012 /* Extensions.swift in Sources */,
				EB385F15289800A00031F012 /* AnswerRow.swift in Sources */,
				EB385F1E289801910031F012 /* Answer.swift in Sources */,
				EB385F22289801DA0031F012 /* QuizManager.swift in Sources */,
				EB385F17289800D40031F012 /* PrimaryButton.swift in Sources */,
				EB385F19289800F50031F012 /* ProgressBar.swift in Sources */,
				EB385F20289801B50031F012 /* Quiz.swift in Sources */,
				EB385F062898005E0031F012 /* QuizGameApp.swift in Sources */,
			);
			runOnlyForDeploymentPostprocessing = 0;
		};
/* End PBXSourcesBuildPhase section */

/* Begin XCBuildConfiguration section */
		EB385F0E2898005F0031F012 /* Debug */ = {
			isa = XCBuildConfiguration;
			buildSettings = {
				ALWAYS_SEARCH_USER_PATHS = NO;
				CLANG_ANALYZER_NONNULL = YES;
				CLANG_ANALYZER_NUMBER_OBJECT_CONVERSION = YES_AGGRESSIVE;
				CLANG_CXX_LANGUAGE_STANDARD = "gnu++17";
				CLANG_ENABLE_MODULES = YES;
				CLANG_ENABLE_OBJC_ARC = YES;
				CLANG_ENABLE_OBJC_WEAK = YES;
				CLANG_WARN_BLOCK_CAPTURE_AUTORELEASING = YES;
				CLANG_WARN_BOOL_CONVERSION = YES;
				CLANG_WARN_COMMA = YES;
				CLANG_WARN_CONSTANT_CONVERSION = YES;
				CLANG_WARN_DEPRECATED_OBJC_IMPLEMENTATIONS = YES;
				CLANG_WARN_DIRECT_OBJC_ISA_USAGE = YES_ERROR;
				CLANG_WARN_DOCUMENTATION_COMMENTS = YES;
				CLANG_WARN_EMPTY_BODY = YES;
				CLANG_WARN_ENUM_CONVERSION = YES;
				CLANG_WARN_INFINITE_RECURSION = YES;
				CLANG_WARN_INT_CONVERSION = YES;
				CLANG_WARN_NON_LITERAL_NULL_CONVERSION = YES;
				CLANG_WARN_OBJC_IMPLICIT_RETAIN_SELF = YES;
				CLANG_WARN_OBJC_LITERAL_CONVERSION = YES;
				CLANG_WARN_OBJC_ROOT_CLASS = YES_ERROR;
				CLANG_WARN_QUOTED_INCLUDE_IN_FRAMEWORK_HEADER = YES;
				CLANG_WARN_RANGE_LOOP_ANALYSIS = YES;
				CLANG_WARN_STRICT_PROTOTYPES = YES;
				CLANG_WARN_SUSPICIOUS_MOVE = YES;
				CLANG_WARN_UNGUARDED_AVAILABILITY = YES_AGGRESSIVE;
				CLANG_WARN_UNREACHABLE_CODE = YES;
				CLANG_WARN__DUPLICATE_METHOD_MATCH = YES;
				COPY_PHASE_STRIP = NO;
				DEBUG_INFORMATION_FORMAT = dwarf;
				ENABLE_STRICT_OBJC_MSGSEND = YES;
				ENABLE_TESTABILITY = YES;
				GCC_C_LANGUAGE_STANDARD = gnu11;
				GCC_DYNAMIC_NO_PIC = NO;
				GCC_NO_COMMON_BLOCKS = YES;
				GCC_OPTIMIZATION_LEVEL = 0;
				GCC_PREPROCESSOR_DEFINITIONS = (
					"DEBUG=1",
					"$(inherited)",
				);
				GCC_WARN_64_TO_32_BIT_CONVERSION = YES;
				GCC_WARN_ABOUT_RETURN_TYPE = YES_ERROR;
				GCC_WARN_UNDECLARED_SELECTOR = YES;
				GCC_WARN_UNINITIALIZED_AUTOS = YES_AGGRESSIVE;
				GCC_WARN_UNUSED_FUNCTION = YES;
				GCC_WARN_UNUSED_VARIABLE = YES;
				IPHONEOS_DEPLOYMENT_TARGET = 15.5;
				MTL_ENABLE_DEBUG_INFO = INCLUDE_SOURCE;
				MTL_FAST_MATH = YES;
				ONLY_ACTIVE_ARCH = YES;
				SDKROOT = iphoneos;
				SWIFT_ACTIVE_COMPILATION_CONDITIONS = DEBUG;
				SWIFT_OPTIMIZATION_LEVEL = "-Onone";
			};
			name = Debug;
		};
		EB385F0F2898005F0031F012 /* Release */ = {
			isa = XCBuildConfiguration;
			buildSettings = {
				ALWAYS_SEARCH_USER_PATHS = NO;
				CLANG_ANALYZER_NONNULL = YES;
				CLANG_ANALYZER_NUMBER_OBJECT_CONVERSION = YES_AGGRESSIVE;
				CLANG_CXX_LANGUAGE_STANDARD = "gnu++17";
				CLANG_ENABLE_MODULES = YES;
				CLANG_ENABLE_OBJC_ARC = YES;
				CLANG_ENABLE_OBJC_WEAK = YES;
				CLANG_WARN_BLOCK_CAPTURE_AUTORELEASING = YES;
				CLANG_WARN_BOOL_CONVERSION = YES;
				CLANG_WARN_COMMA = YES;
				CLANG_WARN_CONSTANT_CONVERSION = YES;
				CLANG_WARN_DEPRECATED_OBJC_IMPLEMENTATIONS = YES;
				CLANG_WARN_DIRECT_OBJC_ISA_USAGE = YES_ERROR;
				CLANG_WARN_DOCUMENTATION_COMMENTS = YES;
				CLANG_WARN_EMPTY_BODY = YES;
				CLANG_WARN_ENUM_CONVERSION = YES;
				CLANG_WARN_INFINITE_RECURSION = YES;
				CLANG_WARN_INT_CONVERSION = YES;
				CLANG_WARN_NON_LITERAL_NULL_CONVERSION = YES;
				CLANG_WARN_OBJC_IMPLICIT_RETAIN_SELF = YES;
				CLANG_WARN_OBJC_LITERAL_CONVERSION = YES;
				CLANG_WARN_OBJC_ROOT_CLASS = YES_ERROR;
				CLANG_WARN_QUOTED_INCLUDE_IN_FRAMEWORK_HEADER = YES;
				CLANG_WARN_RANGE_LOOP_ANALYSIS = YES;
				CLANG_WARN_STRICT_PROTOTYPES = YES;
				CLANG_WARN_SUSPICIOUS_MOVE = YES;
				CLANG_WARN_UNGUARDED_AVAILABILITY = YES_AGGRESSIVE;
				CLANG_WARN_UNREACHABLE_CODE = YES;
				CLANG_WARN__DUPLICATE_METHOD_MATCH = YES;
				COPY_PHASE_STRIP = NO;
				DEBUG_INFORMATION_FORMAT = "dwarf-with-dsym";
				ENABLE_NS_ASSERTIONS = NO;
				ENABLE_STRICT_OBJC_MSGSEND = YES;
				GCC_C_LANGUAGE_STANDARD = gnu11;
				GCC_NO_COMMON_BLOCKS = YES;
				GCC_WARN_64_TO_32_BIT_CONVERSION = YES;
				GCC_WARN_ABOUT_RETURN_TYPE = YES_ERROR;
				GCC_WARN_UNDECLARED_SELECTOR = YES;
				GCC_WARN_UNINITIALIZED_AUTOS = YES_AGGRESSIVE;
				GCC_WARN_UNUSED_FUNCTION = YES;
				GCC_WARN_UNUSED_VARIABLE = YES;
				IPHONEOS_DEPLOYMENT_TARGET = 15.5;
				MTL_ENABLE_DEBUG_INFO = NO;
				MTL_FAST_MATH = YES;
				SDKROOT = iphoneos;
				SWIFT_COMPILATION_MODE = wholemodule;
				SWIFT_OPTIMIZATION_LEVEL = "-O";
				VALIDATE_PRODUCT = YES;
			};
			name = Release;
		};
		EB385F112898005F0031F012 /* Debug */ = {
			isa = XCBuildConfiguration;
			buildSettings = {
				ASSETCATALOG_COMPILER_APPICON_NAME = AppIcon;
				ASSETCATALOG_COMPILER_GLOBAL_ACCENT_COLOR_NAME = AccentColor;
				CODE_SIGN_STYLE = Automatic;
				CURRENT_PROJECT_VERSION = 1;
				DEVELOPMENT_ASSET_PATHS = "\"QuizGame/Preview Content\"";
				DEVELOPMENT_TEAM = RZ6BP29PRF;
				ENABLE_PREVIEWS = YES;
				GENERATE_INFOPLIST_FILE = YES;
				INFOPLIST_KEY_UIApplicationSceneManifest_Generation = YES;
				INFOPLIST_KEY_UIApplicationSupportsIndirectInputEvents = YES;
				INFOPLIST_KEY_UILaunchScreen_Generation = YES;
				INFOPLIST_KEY_UISupportedInterfaceOrientations_iPad = "UIInterfaceOrientationPortrait UIInterfaceOrientationPortraitUpsideDown UIInterfaceOrientationLandscapeLeft UIInterfaceOrientationLandscapeRight";
				INFOPLIST_KEY_UISupportedInterfaceOrientations_iPhone = "UIInterfaceOrientationPortrait UIInterfaceOrientationLandscapeLeft UIInterfaceOrientationLandscapeRight";
				LD_RUNPATH_SEARCH_PATHS = (
					"$(inherited)",
					"@executable_path/Frameworks",
				);
				MARKETING_VERSION = 1.0;
				PRODUCT_BUNDLE_IDENTIFIER = gilbert.QuizGame;
				PRODUCT_NAME = "$(TARGET_NAME)";
				SWIFT_EMIT_LOC_STRINGS = YES;
				SWIFT_VERSION = 5.0;
				TARGETED_DEVICE_FAMILY = "1,2";
			};
			name = Debug;
		};
		EB385F122898005F0031F012 /* Release */ = {
			isa = XCBuildConfiguration;
			buildSettings = {
				ASSETCATALOG_COMPILER_APPICON_NAME = AppIcon;
				ASSETCATALOG_COMPILER_GLOBAL_ACCENT_COLOR_NAME = AccentColor;
				CODE_SIGN_STYLE = Automatic;
				CURRENT_PROJECT_VERSION = 1;
				DEVELOPMENT_ASSET_PATHS = "\"QuizGame/Preview Content\"";
				DEVELOPMENT_TEAM = RZ6BP29PRF;
				ENABLE_PREVIEWS = YES;
				GENERATE_INFOPLIST_FILE = YES;
				INFOPLIST_KEY_UIApplicationSceneManifest_Generation = YES;
				INFOPLIST_KEY_UIApplicationSupportsIndirectInputEvents = YES;
				INFOPLIST_KEY_UILaunchScreen_Generation = YES;
				INFOPLIST_KEY_UISupportedInterfaceOrientations_iPad = "UIInterfaceOrientationPortrait UIInterfaceOrientationPortraitUpsideDown UIInterfaceOrientationLandscapeLeft UIInterfaceOrientationLandscapeRight";
				INFOPLIST_KEY_UISupportedInterfaceOrientations_iPhone = "UIInterfaceOrientationPortrait UIInterfaceOrientationLandscapeLeft UIInterfaceOrientationLandscapeRight";
				LD_RUNPATH_SEARCH_PATHS = (
					"$(inherited)",
					"@executable_path/Frameworks",
				);
				MARKETING_VERSION = 1.0;
				PRODUCT_BUNDLE_IDENTIFIER = gilbert.QuizGame;
				PRODUCT_NAME = "$(TARGET_NAME)";
				SWIFT_EMIT_LOC_STRINGS = YES;
				SWIFT_VERSION = 5.0;
				TARGETED_DEVICE_FAMILY = "1,2";
			};
			name = Release;
		};
/* End XCBuildConfiguration section */

/* Begin XCConfigurationList section */
		EB385EFD2898005E0031F012 /* Build configuration list for PBXProject "QuizGame" */ = {
			isa = XCConfigurationList;
			buildConfigurations = (
				EB385F0E2898005F0031F012 /* Debug */,
				EB385F0F2898005F0031F012 /* Release */,
			);
			defaultConfigurationIsVisible = 0;
			defaultConfigurationName = Release;
		};
		EB385F102898005F0031F012 /* Build configuration list for PBXNativeTarget "QuizGame" */ = {
			isa = XCConfigurationList;
			buildConfigurations = (
				EB385F112898005F0031F012 /* Debug */,
				EB385F122898005F0031F012 /* Release */,
			);
			defaultConfigurationIsVisible = 0;
			defaultConfigurationName = Release;
		};
/* End XCConfigurationList section */
	};
	rootObject = EB385EFA2898005E0031F012 /* Project object */;
}
